// !$*UTF8*$!
{
	archiveVersion = 1;
	classes = {
	};
	objectVersion = 46;
	objects = {

/* Begin PBXBuildFile section */
		686B52151F26EEBE001FF09B /* main.m in Sources */ = {isa = PBXBuildFile; fileRef = 686B52141F26EEBE001FF09B /* main.m */; };
		686B52181F26EEBE001FF09B /* AppDelegate.m in Sources */ = {isa = PBXBuildFile; fileRef = 686B52171F26EEBE001FF09B /* AppDelegate.m */; };
		686B521B1F26EEBE001FF09B /* ViewController.m in Sources */ = {isa = PBXBuildFile; fileRef = 686B521A1F26EEBE001FF09B /* ViewController.m */; };
		686B521E1F26EEBE001FF09B /* Main.storyboard in Resources */ = {isa = PBXBuildFile; fileRef = 686B521C1F26EEBE001FF09B /* Main.storyboard */; };
		686B52201F26EEBE001FF09B /* Assets.xcassets in Resources */ = {isa = PBXBuildFile; fileRef = 686B521F1F26EEBE001FF09B /* Assets.xcassets */; };
		686B52231F26EEBE001FF09B /* LaunchScreen.storyboard in Resources */ = {isa = PBXBuildFile; fileRef = 686B52211F26EEBE001FF09B /* LaunchScreen.storyboard */; };
		686B522C1F26EED6001FF09B /* UIImageView+SRCornerRadius.m in Sources */ = {isa = PBXBuildFile; fileRef = 686B522B1F26EED6001FF09B /* UIImageView+SRCornerRadius.m */; };
		686B522E1F26F0C6001FF09B /* coldplay.jpg in Resources */ = {isa = PBXBuildFile; fileRef = 686B522D1F26F0C6001FF09B /* coldplay.jpg */; };
		686B52341F271685001FF09B /* UIImage+Rounding.m in Sources */ = {isa = PBXBuildFile; fileRef = 686B52331F271685001FF09B /* UIImage+Rounding.m */; };
/* End PBXBuildFile section */

/* Begin PBXFileReference section */
		686B52101F26EEBE001FF09B /* ImageCornerRadiusDemo.app */ = {isa = PBXFileReference; explicitFileType = wrapper.application; includeInIndex = 0; path = ImageCornerRadiusDemo.app; sourceTree = BUILT_PRODUCTS_DIR; };
		686B52141F26EEBE001FF09B /* main.m */ = {isa = PBXFileReference; lastKnownFileType = sourcecode.c.objc; path = main.m; sourceTree = "<group>"; };
		686B52161F26EEBE001FF09B /* AppDelegate.h */ = {isa = PBXFileReference; lastKnownFileType = sourcecode.c.h; path = AppDelegate.h; sourceTree = "<group>"; };
		686B52171F26EEBE001FF09B /* AppDelegate.m */ = {isa = PBXFileReference; lastKnownFileType = sourcecode.c.objc; path = AppDelegate.m; sourceTree = "<group>"; };
		686B52191F26EEBE001FF09B /* ViewController.h */ = {isa = PBXFileReference; lastKnownFileType = sourcecode.c.h; path = ViewController.h; sourceTree = "<group>"; };
		686B521A1F26EEBE001FF09B /* ViewController.m */ = {isa = PBXFileReference; lastKnownFileType = sourcecode.c.objc; path = ViewController.m; sourceTree = "<group>"; };
		686B521D1F26EEBE001FF09B /* Base */ = {isa = PBXFileReference; lastKnownFileType = file.storyboard; name = Base; path = Base.lproj/Main.storyboard; sourceTree = "<group>"; };
		686B521F1F26EEBE001FF09B /* Assets.xcassets */ = {isa = PBXFileReference; lastKnownFileType = folder.assetcatalog; path = Assets.xcassets; sourceTree = "<group>"; };
		686B52221F26EEBE001FF09B /* Base */ = {isa = PBXFileReference; lastKnownFileType = file.storyboard; name = Base; path = Base.lproj/LaunchScreen.storyboard; sourceTree = "<group>"; };
		686B52241F26EEBE001FF09B /* Info.plist */ = {isa = PBXFileReference; lastKnownFileType = text.plist.xml; path = Info.plist; sourceTree = "<group>"; };
		686B522A1F26EED6001FF09B /* UIImageView+SRCornerRadius.h */ = {isa = PBXFileReference; fileEncoding = 4; lastKnownFileType = sourcecode.c.h; path = "UIImageView+SRCornerRadius.h"; sourceTree = "<group>"; };
		686B522B1F26EED6001FF09B /* UIImageView+SRCornerRadius.m */ = {isa = PBXFileReference; fileEncoding = 4; lastKnownFileType = sourcecode.c.objc; path = "UIImageView+SRCornerRadius.m"; sourceTree = "<group>"; };
		686B522D1F26F0C6001FF09B /* coldplay.jpg */ = {isa = PBXFileReference; lastKnownFileType = image.jpeg; path = coldplay.jpg; sourceTree = "<group>"; };
		686B52321F271685001FF09B /* UIImage+Rounding.h */ = {isa = PBXFileReference; fileEncoding = 4; lastKnownFileType = sourcecode.c.h; path = "UIImage+Rounding.h"; sourceTree = "<group>"; };
		686B52331F271685001FF09B /* UIImage+Rounding.m */ = {isa = PBXFileReference; fileEncoding = 4; lastKnownFileType = sourcecode.c.objc; path = "UIImage+Rounding.m"; sourceTree = "<group>"; };
/* End PBXFileReference section */

/* Begin PBXFrameworksBuildPhase section */
		686B520D1F26EEBE001FF09B /* Frameworks */ = {
			isa = PBXFrameworksBuildPhase;
			buildActionMask = 2147483647;
			files = (
			);
			runOnlyForDeploymentPostprocessing = 0;
		};
/* End PBXFrameworksBuildPhase section */

/* Begin PBXGroup section */
		686B52071F26EEBD001FF09B = {
			isa = PBXGroup;
			children = (
				686B52121F26EEBE001FF09B /* ImageCornerRadiusDemo */,
				686B52111F26EEBE001FF09B /* Products */,
			);
			sourceTree = "<group>";
		};
		686B52111F26EEBE001FF09B /* Products */ = {
			isa = PBXGroup;
			children = (
				686B52101F26EEBE001FF09B /* ImageCornerRadiusDemo.app */,
			);
			name = Products;
			sourceTree = "<group>";
		};
		686B52121F26EEBE001FF09B /* ImageCornerRadiusDemo */ = {
			isa = PBXGroup;
			children = (
				686B52321F271685001FF09B /* UIImage+Rounding.h */,
				686B52331F271685001FF09B /* UIImage+Rounding.m */,
				686B522A1F26EED6001FF09B /* UIImageView+SRCornerRadius.h */,
				686B522B1F26EED6001FF09B /* UIImageView+SRCornerRadius.m */,
				686B52131F26EEBE001FF09B /* Supporting Files */,
			);
			path = ImageCornerRadiusDemo;
			sourceTree = "<group>";
		};
		686B52131F26EEBE001FF09B /* Supporting Files */ = {
			isa = PBXGroup;
			children = (
				686B522D1F26F0C6001FF09B /* coldplay.jpg */,
				686B52141F26EEBE001FF09B /* main.m */,
				686B52161F26EEBE001FF09B /* AppDelegate.h */,
				686B52171F26EEBE001FF09B /* AppDelegate.m */,
				686B52191F26EEBE001FF09B /* ViewController.h */,
				686B521A1F26EEBE001FF09B /* ViewController.m */,
				686B521C1F26EEBE001FF09B /* Main.storyboard */,
				686B521F1F26EEBE001FF09B /* Assets.xcassets */,
				686B52211F26EEBE001FF09B /* LaunchScreen.storyboard */,
				686B52241F26EEBE001FF09B /* Info.plist */,
			);
			name = "Supporting Files";
			sourceTree = "<group>";
		};
/* End PBXGroup section */

/* Begin PBXNativeTarget section */
		686B520F1F26EEBE001FF09B /* ImageCornerRadiusDemo */ = {
			isa = PBXNativeTarget;
			buildConfigurationList = 686B52271F26EEBE001FF09B /* Build configuration list for PBXNativeTarget "ImageCornerRadiusDemo" */;
			buildPhases = (
				686B520C1F26EEBE001FF09B /* Sources */,
				686B520D1F26EEBE001FF09B /* Frameworks */,
				686B520E1F26EEBE001FF09B /* Resources */,
			);
			buildRules = (
			);
			dependencies = (
			);
			name = ImageCornerRadiusDemo;
			productName = ImageCornerRadiusDemo;
			productReference = 686B52101F26EEBE001FF09B /* ImageCornerRadiusDemo.app */;
			productType = "com.apple.product-type.application";
		};
/* End PBXNativeTarget section */

/* Begin PBXProject section */
		686B52081F26EEBD001FF09B /* Project object */ = {
			isa = PBXProject;
			attributes = {
				LastUpgradeCheck = 0830;
				ORGANIZATIONNAME = SR;
				TargetAttributes = {
					686B520F1F26EEBE001FF09B = {
						CreatedOnToolsVersion = 8.3.2;
						DevelopmentTeam = Y4FK8UXDXW;
						ProvisioningStyle = Manual;
					};
				};
			};
			buildConfigurationList = 686B520B1F26EEBD001FF09B /* Build configuration list for PBXProject "ImageCornerRadiusDemo" */;
			compatibilityVersion = "Xcode 3.2";
			developmentRegion = English;
			hasScannedForEncodings = 0;
			knownRegions = (
				en,
				Base,
			);
			mainGroup = 686B52071F26EEBD001FF09B;
			productRefGroup = 686B52111F26EEBE001FF09B /* Products */;
			projectDirPath = "";
			projectRoot = "";
			targets = (
				686B520F1F26EEBE001FF09B /* ImageCornerRadiusDemo */,
			);
		};
/* End PBXProject section */

/* Begin PBXResourcesBuildPhase section */
		686B520E1F26EEBE001FF09B /* Resources */ = {
			isa = PBXResourcesBuildPhase;
			buildActionMask = 2147483647;
			files = (
				686B52231F26EEBE001FF09B /* LaunchScreen.storyboard in Resources */,
				686B52201F26EEBE001FF09B /* Assets.xcassets in Resources */,
				686B521E1F26EEBE001FF09B /* Main.storyboard in Resources */,
				686B522E1F26F0C6001FF09B /* coldplay.jpg in Resources */,
			);
			runOnlyForDeploymentPostprocessing = 0;
		};
/* End PBXResourcesBuildPhase section */

/* Begin PBXSourcesBuildPhase section */
		686B520C1F26EEBE001FF09B /* Sources */ = {
			isa = PBXSourcesBuildPhase;
			buildActionMask = 2147483647;
			files = (
				686B522C1F26EED6001FF09B /* UIImageView+SRCornerRadius.m in Sources */,
				686B52341F271685001FF09B /* UIImage+Rounding.m in Sources */,
				686B521B1F26EEBE001FF09B /* ViewController.m in Sources */,
				686B52181F26EEBE001FF09B /* AppDelegate.m in Sources */,
				686B52151F26EEBE001FF09B /* main.m in Sources */,
			);
			runOnlyForDeploymentPostprocessing = 0;
		};
/* End PBXSourcesBuildPhase section */

/* Begin PBXVariantGroup section */
		686B521C1F26EEBE001FF09B /* Main.storyboard */ = {
			isa = PBXVariantGroup;
			children = (
				686B521D1F26EEBE001FF09B /* Base */,
			);
			name = Main.storyboard;
			sourceTree = "<group>";
		};
		686B52211F26EEBE001FF09B /* LaunchScreen.storyboard */ = {
			isa = PBXVariantGroup;
			children = (
				686B52221F26EEBE001FF09B /* Base */,
			);
			name = LaunchScreen.storyboard;
			sourceTree = "<group>";
		};
/* End PBXVariantGroup section */

/* Begin XCBuildConfiguration section */
		686B52251F26EEBE001FF09B /* Debug */ = {
			isa = XCBuildConfiguration;
			buildSettings = {
				ALWAYS_SEARCH_USER_PATHS = NO;
				CLANG_ANALYZER_NONNULL = YES;
				CLANG_ANALYZER_NUMBER_OBJECT_CONVERSION = YES_AGGRESSIVE;
				CLANG_CXX_LANGUAGE_STANDARD = "gnu++0x";
				CLANG_CXX_LIBRARY = "libc++";
				CLANG_ENABLE_MODULES = YES;
				CLANG_ENABLE_OBJC_ARC = YES;
				CLANG_WARN_BOOL_CONVERSION = YES;
				CLANG_WARN_CONSTANT_CONVERSION = YES;
				CLANG_WARN_DIRECT_OBJC_ISA_USAGE = YES_ERROR;
				CLANG_WARN_DOCUMENTATION_COMMENTS = YES;
				CLANG_WARN_EMPTY_BODY = YES;
				CLANG_WARN_ENUM_CONVERSION = YES;
				CLANG_WARN_INFINITE_RECURSION = YES;
				CLANG_WARN_INT_CONVERSION = YES;
				CLANG_WARN_OBJC_ROOT_CLASS = YES_ERROR;
				CLANG_WARN_SUSPICIOUS_MOVE = YES;
				CLANG_WARN_UNREACHABLE_CODE = YES;
				CLANG_WARN__DUPLICATE_METHOD_MATCH = YES;
				"CODE_SIGN_IDENTITY[sdk=iphoneos*]" = "iPhone Developer";
				COPY_PHASE_STRIP = NO;
				DEBUG_INFORMATION_FORMAT = dwarf;
				ENABLE_STRICT_OBJC_MSGSEND = YES;
				ENABLE_TESTABILITY = YES;
				GCC_C_LANGUAGE_STANDARD = gnu99;
				GCC_DYNAMIC_NO_PIC = NO;
				GCC_NO_COMMON_BLOCKS = YES;
				GCC_OPTIMIZATION_LEVEL = 0;
				GCC_PREPROCESSOR_DEFINITIONS = (
					"DEBUG=1",
					"$(inherited)",
				);
				GCC_WARN_64_TO_32_BIT_CONVERSION = YES;
				GCC_WARN_ABOUT_RETURN_TYPE = YES_ERROR;
				GCC_WARN_UNDECLARED_SELECTOR = YES;
				GCC_WARN_UNINITIALIZED_AUTOS = YES_AGGRESSIVE;
				GCC_WARN_UNUSED_FUNCTION = YES;
				GCC_WARN_UNUSED_VARIABLE = YES;
				IPHONEOS_DEPLOYMENT_TARGET = 10.3;
				MTL_ENABLE_DEBUG_INFO = YES;
				ONLY_ACTIVE_ARCH = YES;
				SDKROOT = iphoneos;
			};
			name = Debug;
		};
		686B52261F26EEBE001FF09B /* Release */ = {
			isa = XCBuildConfiguration;
			buildSettings = {
				ALWAYS_SEARCH_USER_PATHS = NO;
				CLANG_ANALYZER_NONNULL = YES;
				CLANG_ANALYZER_NUMBER_OBJECT_CONVERSION = YES_AGGRESSIVE;
				CLANG_CXX_LANGUAGE_STANDARD = "gnu++0x";
				CLANG_CXX_LIBRARY = "libc++";
				CLANG_ENABLE_MODULES = YES;
				CLANG_ENABLE_OBJC_ARC = YES;
				CLANG_WARN_BOOL_CONVERSION = YES;
				CLANG_WARN_CONSTANT_CONVERSION = YES;
				CLANG_WARN_DIRECT_OBJC_ISA_USAGE = YES_ERROR;
				CLANG_WARN_DOCUMENTATION_COMMENTS = YES;
				CLANG_WARN_EMPTY_BODY = YES;
				CLANG_WARN_ENUM_CONVERSION = YES;
				CLANG_WARN_INFINITE_RECURSION = YES;
				CLANG_WARN_INT_CONVERSION = YES;
				CLANG_WARN_OBJC_ROOT_CLASS = YES_ERROR;
				CLANG_WARN_SUSPICIOUS_MOVE = YES;
				CLANG_WARN_UNREACHABLE_CODE = YES;
				CLANG_WARN__DUPLICATE_METHOD_MATCH = YES;
				"CODE_SIGN_IDENTITY[sdk=iphoneos*]" = "iPhone Developer";
				COPY_PHASE_STRIP = NO;
				DEBUG_INFORMATION_FORMAT = "dwarf-with-dsym";
				ENABLE_NS_ASSERTIONS = NO;
				ENABLE_STRICT_OBJC_MSGSEND = YES;
				GCC_C_LANGUAGE_STANDARD = gnu99;
				GCC_NO_COMMON_BLOCKS = YES;
				GCC_WARN_64_TO_32_BIT_CONVERSION = YES;
				GCC_WARN_ABOUT_RETURN_TYPE = YES_ERROR;
				GCC_WARN_UNDECLARED_SELECTOR = YES;
				GCC_WARN_UNINITIALIZED_AUTOS = YES_AGGRESSIVE;
				GCC_WARN_UNUSED_FUNCTION = YES;
				GCC_WARN_UNUSED_VARIABLE = YES;
				IPHONEOS_DEPLOYMENT_TARGET = 10.3;
				MTL_ENABLE_DEBUG_INFO = NO;
				SDKROOT = iphoneos;
				VALIDATE_PRODUCT = YES;
			};
			name = Release;
		};
		686B52281F26EEBE001FF09B /* Debug */ = {
			isa = XCBuildConfiguration;
			buildSettings = {
				ASSETCATALOG_COMPILER_APPICON_NAME = AppIcon;
				DEVELOPMENT_TEAM = Y4FK8UXDXW;
				INFOPLIST_FILE = ImageCornerRadiusDemo/Info.plist;
				LD_RUNPATH_SEARCH_PATHS = "$(inherited) @executable_path/Frameworks";
				PRODUCT_BUNDLE_IDENTIFIER = com.willing.ImageCornerRadiusDemo;
				PRODUCT_NAME = "$(TARGET_NAME)";
				PROVISIONING_PROFILE = "bdc12bb6-856e-4b7d-b6fb-79cc54f41bb2";
				PROVISIONING_PROFILE_SPECIFIER = "PP For All";
			};
			name = Debug;
		};
		686B52291F26EEBE001FF09B /* Release */ = {
			isa = XCBuildConfiguration;
			buildSettings = {
				ASSETCATALOG_COMPILER_APPICON_NAME = AppIcon;
				DEVELOPMENT_TEAM = Y4FK8UXDXW;
				INFOPLIST_FILE = ImageCornerRadiusDemo/Info.plist;
				LD_RUNPATH_SEARCH_PATHS = "$(inherited) @executable_path/Frameworks";
				PRODUCT_BUNDLE_IDENTIFIER = com.willing.ImageCornerRadiusDemo;
				PRODUCT_NAME = "$(TARGET_NAME)";
				PROVISIONING_PROFILE = "bdc12bb6-856e-4b7d-b6fb-79cc54f41bb2";
				PROVISIONING_PROFILE_SPECIFIER = "PP For All";
			};
			name = Release;
		};
/* End XCBuildConfiguration section */

/* Begin XCConfigurationList section */
		686B520B1F26EEBD001FF09B /* Build configuration list for PBXProject "ImageCornerRadiusDemo" */ = {
			isa = XCConfigurationList;
			buildConfigurations = (
				686B52251F26EEBE001FF09B /* Debug */,
				686B52261F26EEBE001FF09B /* Release */,
			);
			defaultConfigurationIsVisible = 0;
			defaultConfigurationName = Release;
		};
		686B52271F26EEBE001FF09B /* Build configuration list for PBXNativeTarget "ImageCornerRadiusDemo" */ = {
			isa = XCConfigurationList;
			buildConfigurations = (
				686B52281F26EEBE001FF09B /* Debug */,
				686B52291F26EEBE001FF09B /* Release */,
			);
			defaultConfigurationIsVisible = 0;
			defaultConfigurationName = Release;
		};
/* End XCConfigurationList section */
	};
	rootObject = 686B52081F26EEBD001FF09B /* Project object */;
}
