// !$*UTF8*$!
{
	archiveVersion = 1;
	classes = {
	};
	objectVersion = 46;
	objects = {

/* Begin PBXBuildFile section */
		681AA8631C97B8B700B360F3 /* main.m in Sources */ = {isa = PBXBuildFile; fileRef = 681AA8621C97B8B700B360F3 /* main.m */; };
		681AA8661C97B8B700B360F3 /* AppDelegate.m in Sources */ = {isa = PBXBuildFile; fileRef = 681AA8651C97B8B700B360F3 /* AppDelegate.m */; };
		681AA8691C97B8B700B360F3 /* ViewController.m in Sources */ = {isa = PBXBuildFile; fileRef = 681AA8681C97B8B700B360F3 /* ViewController.m */; };
		681AA86C1C97B8B700B360F3 /* Main.storyboard in Resources */ = {isa = PBXBuildFile; fileRef = 681AA86A1C97B8B700B360F3 /* Main.storyboard */; };
		681AA86E1C97B8B700B360F3 /* Assets.xcassets in Resources */ = {isa = PBXBuildFile; fileRef = 681AA86D1C97B8B700B360F3 /* Assets.xcassets */; };
		681AA8711C97B8B700B360F3 /* LaunchScreen.storyboard in Resources */ = {isa = PBXBuildFile; fileRef = 681AA86F1C97B8B700B360F3 /* LaunchScreen.storyboard */; };
/* End PBXBuildFile section */

/* Begin PBXFileReference section */
		681AA85E1C97B8B700B360F3 /* CoreLocation-汽车导航.app */ = {isa = PBXFileReference; explicitFileType = wrapper.application; includeInIndex = 0; path = "CoreLocation-汽车导航.app"; sourceTree = BUILT_PRODUCTS_DIR; };
		681AA8621C97B8B700B360F3 /* main.m */ = {isa = PBXFileReference; lastKnownFileType = sourcecode.c.objc; path = main.m; sourceTree = "<group>"; };
		681AA8641C97B8B700B360F3 /* AppDelegate.h */ = {isa = PBXFileReference; lastKnownFileType = sourcecode.c.h; path = AppDelegate.h; sourceTree = "<group>"; };
		681AA8651C97B8B700B360F3 /* AppDelegate.m */ = {isa = PBXFileReference; lastKnownFileType = sourcecode.c.objc; path = AppDelegate.m; sourceTree = "<group>"; };
		681AA8671C97B8B700B360F3 /* ViewController.h */ = {isa = PBXFileReference; lastKnownFileType = sourcecode.c.h; path = ViewController.h; sourceTree = "<group>"; };
		681AA8681C97B8B700B360F3 /* ViewController.m */ = {isa = PBXFileReference; lastKnownFileType = sourcecode.c.objc; path = ViewController.m; sourceTree = "<group>"; };
		681AA86B1C97B8B700B360F3 /* Base */ = {isa = PBXFileReference; lastKnownFileType = file.storyboard; name = Base; path = Base.lproj/Main.storyboard; sourceTree = "<group>"; };
		681AA86D1C97B8B700B360F3 /* Assets.xcassets */ = {isa = PBXFileReference; lastKnownFileType = folder.assetcatalog; path = Assets.xcassets; sourceTree = "<group>"; };
		681AA8701C97B8B700B360F3 /* Base */ = {isa = PBXFileReference; lastKnownFileType = file.storyboard; name = Base; path = Base.lproj/LaunchScreen.storyboard; sourceTree = "<group>"; };
		681AA8721C97B8B700B360F3 /* Info.plist */ = {isa = PBXFileReference; lastKnownFileType = text.plist.xml; path = Info.plist; sourceTree = "<group>"; };
		681AA87B1C97B8B700B360F3 /* CoreLocation_____Tests.m */ = {isa = PBXFileReference; lastKnownFileType = sourcecode.c.objc; path = "CoreLocation_____Tests.m"; sourceTree = "<group>"; };
		681AA87D1C97B8B700B360F3 /* Info.plist */ = {isa = PBXFileReference; lastKnownFileType = text.plist.xml; path = Info.plist; sourceTree = "<group>"; };
		681AA8861C97B8B700B360F3 /* CoreLocation_____UITests.m */ = {isa = PBXFileReference; lastKnownFileType = sourcecode.c.objc; path = "CoreLocation_____UITests.m"; sourceTree = "<group>"; };
		681AA8881C97B8B700B360F3 /* Info.plist */ = {isa = PBXFileReference; lastKnownFileType = text.plist.xml; path = Info.plist; sourceTree = "<group>"; };
/* End PBXFileReference section */

/* Begin PBXFrameworksBuildPhase section */
		681AA85B1C97B8B700B360F3 /* Frameworks */ = {
			isa = PBXFrameworksBuildPhase;
			buildActionMask = 2147483647;
			files = (
			);
			runOnlyForDeploymentPostprocessing = 0;
		};
/* End PBXFrameworksBuildPhase section */

/* Begin PBXGroup section */
		681AA8551C97B8B700B360F3 = {
			isa = PBXGroup;
			children = (
				681AA8601C97B8B700B360F3 /* CoreLocation-汽车导航 */,
				681AA87A1C97B8B700B360F3 /* CoreLocation-汽车导航Tests */,
				681AA8851C97B8B700B360F3 /* CoreLocation-汽车导航UITests */,
				681AA85F1C97B8B700B360F3 /* Products */,
			);
			sourceTree = "<group>";
		};
		681AA85F1C97B8B700B360F3 /* Products */ = {
			isa = PBXGroup;
			children = (
				681AA85E1C97B8B700B360F3 /* CoreLocation-汽车导航.app */,
			);
			name = Products;
			sourceTree = "<group>";
		};
		681AA8601C97B8B700B360F3 /* CoreLocation-汽车导航 */ = {
			isa = PBXGroup;
			children = (
				681AA8671C97B8B700B360F3 /* ViewController.h */,
				681AA8681C97B8B700B360F3 /* ViewController.m */,
				681AA8611C97B8B700B360F3 /* Supporting Files */,
			);
			path = "CoreLocation-汽车导航";
			sourceTree = "<group>";
		};
		681AA8611C97B8B700B360F3 /* Supporting Files */ = {
			isa = PBXGroup;
			children = (
				681AA8621C97B8B700B360F3 /* main.m */,
				681AA8641C97B8B700B360F3 /* AppDelegate.h */,
				681AA8651C97B8B700B360F3 /* AppDelegate.m */,
				681AA86A1C97B8B700B360F3 /* Main.storyboard */,
				681AA86D1C97B8B700B360F3 /* Assets.xcassets */,
				681AA86F1C97B8B700B360F3 /* LaunchScreen.storyboard */,
				681AA8721C97B8B700B360F3 /* Info.plist */,
			);
			name = "Supporting Files";
			sourceTree = "<group>";
		};
		681AA87A1C97B8B700B360F3 /* CoreLocation-汽车导航Tests */ = {
			isa = PBXGroup;
			children = (
				681AA87B1C97B8B700B360F3 /* CoreLocation_____Tests.m */,
				681AA87D1C97B8B700B360F3 /* Info.plist */,
			);
			path = "CoreLocation-汽车导航Tests";
			sourceTree = "<group>";
		};
		681AA8851C97B8B700B360F3 /* CoreLocation-汽车导航UITests */ = {
			isa = PBXGroup;
			children = (
				681AA8861C97B8B700B360F3 /* CoreLocation_____UITests.m */,
				681AA8881C97B8B700B360F3 /* Info.plist */,
			);
			path = "CoreLocation-汽车导航UITests";
			sourceTree = "<group>";
		};
/* End PBXGroup section */

/* Begin PBXNativeTarget section */
		681AA85D1C97B8B700B360F3 /* CoreLocation-汽车导航 */ = {
			isa = PBXNativeTarget;
			buildConfigurationList = 681AA88B1C97B8B700B360F3 /* Build configuration list for PBXNativeTarget "CoreLocation-汽车导航" */;
			buildPhases = (
				681AA85A1C97B8B700B360F3 /* Sources */,
				681AA85B1C97B8B700B360F3 /* Frameworks */,
				681AA85C1C97B8B700B360F3 /* Resources */,
			);
			buildRules = (
			);
			dependencies = (
			);
			name = "CoreLocation-汽车导航";
			productName = "CoreLocation-汽车导航";
			productReference = 681AA85E1C97B8B700B360F3 /* CoreLocation-汽车导航.app */;
			productType = "com.apple.product-type.application";
		};
/* End PBXNativeTarget section */

/* Begin PBXProject section */
		681AA8561C97B8B700B360F3 /* Project object */ = {
			isa = PBXProject;
			attributes = {
				LastUpgradeCheck = 0720;
				ORGANIZATIONNAME = SR;
				TargetAttributes = {
					681AA85D1C97B8B700B360F3 = {
						CreatedOnToolsVersion = 7.2;
						DevelopmentTeam = Y4FK8UXDXW;
						ProvisioningStyle = Manual;
					};
				};
			};
			buildConfigurationList = 681AA8591C97B8B700B360F3 /* Build configuration list for PBXProject "CoreLocation-汽车导航" */;
			compatibilityVersion = "Xcode 3.2";
			developmentRegion = English;
			hasScannedForEncodings = 0;
			knownRegions = (
				en,
				Base,
			);
			mainGroup = 681AA8551C97B8B700B360F3;
			productRefGroup = 681AA85F1C97B8B700B360F3 /* Products */;
			projectDirPath = "";
			projectRoot = "";
			targets = (
				681AA85D1C97B8B700B360F3 /* CoreLocation-汽车导航 */,
			);
		};
/* End PBXProject section */

/* Begin PBXResourcesBuildPhase section */
		681AA85C1C97B8B700B360F3 /* Resources */ = {
			isa = PBXResourcesBuildPhase;
			buildActionMask = 2147483647;
			files = (
				681AA8711C97B8B700B360F3 /* LaunchScreen.storyboard in Resources */,
				681AA86E1C97B8B700B360F3 /* Assets.xcassets in Resources */,
				681AA86C1C97B8B700B360F3 /* Main.storyboard in Resources */,
			);
			runOnlyForDeploymentPostprocessing = 0;
		};
/* End PBXResourcesBuildPhase section */

/* Begin PBXSourcesBuildPhase section */
		681AA85A1C97B8B700B360F3 /* Sources */ = {
			isa = PBXSourcesBuildPhase;
			buildActionMask = 2147483647;
			files = (
				681AA8691C97B8B700B360F3 /* ViewController.m in Sources */,
				681AA8661C97B8B700B360F3 /* AppDelegate.m in Sources */,
				681AA8631C97B8B700B360F3 /* main.m in Sources */,
			);
			runOnlyForDeploymentPostprocessing = 0;
		};
/* End PBXSourcesBuildPhase section */

/* Begin PBXVariantGroup section */
		681AA86A1C97B8B700B360F3 /* Main.storyboard */ = {
			isa = PBXVariantGroup;
			children = (
				681AA86B1C97B8B700B360F3 /* Base */,
			);
			name = Main.storyboard;
			sourceTree = "<group>";
		};
		681AA86F1C97B8B700B360F3 /* LaunchScreen.storyboard */ = {
			isa = PBXVariantGroup;
			children = (
				681AA8701C97B8B700B360F3 /* Base */,
			);
			name = LaunchScreen.storyboard;
			sourceTree = "<group>";
		};
/* End PBXVariantGroup section */

/* Begin XCBuildConfiguration section */
		681AA8891C97B8B700B360F3 /* Debug */ = {
			isa = XCBuildConfiguration;
			buildSettings = {
				ALWAYS_SEARCH_USER_PATHS = NO;
				CLANG_CXX_LANGUAGE_STANDARD = "gnu++0x";
				CLANG_CXX_LIBRARY = "libc++";
				CLANG_ENABLE_MODULES = YES;
				CLANG_ENABLE_OBJC_ARC = YES;
				CLANG_WARN_BOOL_CONVERSION = YES;
				CLANG_WARN_CONSTANT_CONVERSION = YES;
				CLANG_WARN_DIRECT_OBJC_ISA_USAGE = YES_ERROR;
				CLANG_WARN_EMPTY_BODY = YES;
				CLANG_WARN_ENUM_CONVERSION = YES;
				CLANG_WARN_INT_CONVERSION = YES;
				CLANG_WARN_OBJC_ROOT_CLASS = YES_ERROR;
				CLANG_WARN_UNREACHABLE_CODE = YES;
				CLANG_WARN__DUPLICATE_METHOD_MATCH = YES;
				"CODE_SIGN_IDENTITY[sdk=iphoneos*]" = "iPhone Developer";
				COPY_PHASE_STRIP = NO;
				DEBUG_INFORMATION_FORMAT = dwarf;
				ENABLE_STRICT_OBJC_MSGSEND = YES;
				ENABLE_TESTABILITY = YES;
				GCC_C_LANGUAGE_STANDARD = gnu99;
				GCC_DYNAMIC_NO_PIC = NO;
				GCC_NO_COMMON_BLOCKS = YES;
				GCC_OPTIMIZATION_LEVEL = 0;
				GCC_PREPROCESSOR_DEFINITIONS = (
					"DEBUG=1",
					"$(inherited)",
				);
				GCC_WARN_64_TO_32_BIT_CONVERSION = YES;
				GCC_WARN_ABOUT_RETURN_TYPE = YES_ERROR;
				GCC_WARN_UNDECLARED_SELECTOR = YES;
				GCC_WARN_UNINITIALIZED_AUTOS = YES_AGGRESSIVE;
				GCC_WARN_UNUSED_FUNCTION = YES;
				GCC_WARN_UNUSED_VARIABLE = YES;
				IPHONEOS_DEPLOYMENT_TARGET = 9.2;
				MTL_ENABLE_DEBUG_INFO = YES;
				ONLY_ACTIVE_ARCH = YES;
				SDKROOT = iphoneos;
			};
			name = Debug;
		};
		681AA88A1C97B8B700B360F3 /* Release */ = {
			isa = XCBuildConfiguration;
			buildSettings = {
				ALWAYS_SEARCH_USER_PATHS = NO;
				CLANG_CXX_LANGUAGE_STANDARD = "gnu++0x";
				CLANG_CXX_LIBRARY = "libc++";
				CLANG_ENABLE_MODULES = YES;
				CLANG_ENABLE_OBJC_ARC = YES;
				CLANG_WARN_BOOL_CONVERSION = YES;
				CLANG_WARN_CONSTANT_CONVERSION = YES;
				CLANG_WARN_DIRECT_OBJC_ISA_USAGE = YES_ERROR;
				CLANG_WARN_EMPTY_BODY = YES;
				CLANG_WARN_ENUM_CONVERSION = YES;
				CLANG_WARN_INT_CONVERSION = YES;
				CLANG_WARN_OBJC_ROOT_CLASS = YES_ERROR;
				CLANG_WARN_UNREACHABLE_CODE = YES;
				CLANG_WARN__DUPLICATE_METHOD_MATCH = YES;
				"CODE_SIGN_IDENTITY[sdk=iphoneos*]" = "iPhone Developer";
				COPY_PHASE_STRIP = NO;
				DEBUG_INFORMATION_FORMAT = "dwarf-with-dsym";
				ENABLE_NS_ASSERTIONS = NO;
				ENABLE_STRICT_OBJC_MSGSEND = YES;
				GCC_C_LANGUAGE_STANDARD = gnu99;
				GCC_NO_COMMON_BLOCKS = YES;
				GCC_WARN_64_TO_32_BIT_CONVERSION = YES;
				GCC_WARN_ABOUT_RETURN_TYPE = YES_ERROR;
				GCC_WARN_UNDECLARED_SELECTOR = YES;
				GCC_WARN_UNINITIALIZED_AUTOS = YES_AGGRESSIVE;
				GCC_WARN_UNUSED_FUNCTION = YES;
				GCC_WARN_UNUSED_VARIABLE = YES;
				IPHONEOS_DEPLOYMENT_TARGET = 9.2;
				MTL_ENABLE_DEBUG_INFO = NO;
				SDKROOT = iphoneos;
				VALIDATE_PRODUCT = YES;
			};
			name = Release;
		};
		681AA88C1C97B8B700B360F3 /* Debug */ = {
			isa = XCBuildConfiguration;
			buildSettings = {
				ASSETCATALOG_COMPILER_APPICON_NAME = AppIcon;
				DEVELOPMENT_TEAM = Y4FK8UXDXW;
				INFOPLIST_FILE = "CoreLocation-汽车导航/Info.plist";
				LD_RUNPATH_SEARCH_PATHS = "$(inherited) @executable_path/Frameworks";
				PRODUCT_BUNDLE_IDENTIFIER = com.stayreal.gwl.CoreLocation.CarNav;
				PRODUCT_NAME = "$(TARGET_NAME)";
				PROVISIONING_PROFILE = "b37cda96-8f5e-4e66-b454-438b5140edb4";
				PROVISIONING_PROFILE_SPECIFIER = PPForAll;
			};
			name = Debug;
		};
		681AA88D1C97B8B700B360F3 /* Release */ = {
			isa = XCBuildConfiguration;
			buildSettings = {
				ASSETCATALOG_COMPILER_APPICON_NAME = AppIcon;
				DEVELOPMENT_TEAM = Y4FK8UXDXW;
				INFOPLIST_FILE = "CoreLocation-汽车导航/Info.plist";
				LD_RUNPATH_SEARCH_PATHS = "$(inherited) @executable_path/Frameworks";
				PRODUCT_BUNDLE_IDENTIFIER = com.stayreal.gwl.CoreLocation.CarNav;
				PRODUCT_NAME = "$(TARGET_NAME)";
				PROVISIONING_PROFILE = "b37cda96-8f5e-4e66-b454-438b5140edb4";
				PROVISIONING_PROFILE_SPECIFIER = PPForAll;
			};
			name = Release;
		};
/* End XCBuildConfiguration section */

/* Begin XCConfigurationList section */
		681AA8591C97B8B700B360F3 /* Build configuration list for PBXProject "CoreLocation-汽车导航" */ = {
			isa = XCConfigurationList;
			buildConfigurations = (
				681AA8891C97B8B700B360F3 /* Debug */,
				681AA88A1C97B8B700B360F3 /* Release */,
			);
			defaultConfigurationIsVisible = 0;
			defaultConfigurationName = Release;
		};
		681AA88B1C97B8B700B360F3 /* Build configuration list for PBXNativeTarget "CoreLocation-汽车导航" */ = {
			isa = XCConfigurationList;
			buildConfigurations = (
				681AA88C1C97B8B700B360F3 /* Debug */,
				681AA88D1C97B8B700B360F3 /* Release */,
			);
			defaultConfigurationIsVisible = 0;
			defaultConfigurationName = Release;
		};
/* End XCConfigurationList section */
	};
	rootObject = 681AA8561C97B8B700B360F3 /* Project object */;
}
