// !$*UTF8*$!
{
	archiveVersion = 1;
	classes = {
	};
	objectVersion = 50;
	objects = {

/* Begin PBXBuildFile section */
		19C4CAB821AF8A4A008003E6 /* NSObject+SRExtension.swift in Sources */ = {isa = PBXBuildFile; fileRef = 19C4CAB721AF8A4A008003E6 /* NSObject+SRExtension.swift */; };
		19C4CABA21AF8A66008003E6 /* UIColor+SRExtension.swift in Sources */ = {isa = PBXBuildFile; fileRef = 19C4CAB921AF8A66008003E6 /* UIColor+SRExtension.swift */; };
		19C4CABC21AF8D9F008003E6 /* UIView+SRInterfaceBuilder.swift in Sources */ = {isa = PBXBuildFile; fileRef = 19C4CABB21AF8D9F008003E6 /* UIView+SRInterfaceBuilder.swift */; };
		19C9E9B621F326CB00C57BBB /* UIimage+SRExtension.swift in Sources */ = {isa = PBXBuildFile; fileRef = 19C9E9B521F326CB00C57BBB /* UIimage+SRExtension.swift */; };
		19C9E9B821F327A500C57BBB /* Date+SRExtension.swift in Sources */ = {isa = PBXBuildFile; fileRef = 19C9E9B721F327A500C57BBB /* Date+SRExtension.swift */; };
		19CDE39422718A2F00F5B66D /* Haptics.swift in Sources */ = {isa = PBXBuildFile; fileRef = 19CDE39322718A2F00F5B66D /* Haptics.swift */; };
		19F7174E226EC1C4002263CD /* Collection+SRExtension.swift in Sources */ = {isa = PBXBuildFile; fileRef = 19F7174D226EC1C4002263CD /* Collection+SRExtension.swift */; };
		19F71750226F0D1F002263CD /* Array+SRExtension.swift in Sources */ = {isa = PBXBuildFile; fileRef = 19F7174F226F0D1F002263CD /* Array+SRExtension.swift */; };
		19F71752226F0E5A002263CD /* UITextField+SRExtension.swift in Sources */ = {isa = PBXBuildFile; fileRef = 19F71751226F0E5A002263CD /* UITextField+SRExtension.swift */; };
		19F71754226F1797002263CD /* CommonProtocol.swift in Sources */ = {isa = PBXBuildFile; fileRef = 19F71753226F1797002263CD /* CommonProtocol.swift */; };
		6837B3FA215E15AF0016B3E4 /* AppDelegate.swift in Sources */ = {isa = PBXBuildFile; fileRef = 6837B3F9215E15AF0016B3E4 /* AppDelegate.swift */; };
		6837B3FC215E15AF0016B3E4 /* ViewController.swift in Sources */ = {isa = PBXBuildFile; fileRef = 6837B3FB215E15AF0016B3E4 /* ViewController.swift */; };
		6837B3FF215E15AF0016B3E4 /* Main.storyboard in Resources */ = {isa = PBXBuildFile; fileRef = 6837B3FD215E15AF0016B3E4 /* Main.storyboard */; };
		6837B401215E15B10016B3E4 /* Assets.xcassets in Resources */ = {isa = PBXBuildFile; fileRef = 6837B400215E15B10016B3E4 /* Assets.xcassets */; };
		6837B404215E15B10016B3E4 /* LaunchScreen.storyboard in Resources */ = {isa = PBXBuildFile; fileRef = 6837B402215E15B10016B3E4 /* LaunchScreen.storyboard */; };
		6837B40D215E163B0016B3E4 /* UIView+SRExtension.swift in Sources */ = {isa = PBXBuildFile; fileRef = 6837B40C215E163B0016B3E4 /* UIView+SRExtension.swift */; };
		6EC5005E2189FF4F005D5FF0 /* UIView+SRFrame.swift in Sources */ = {isa = PBXBuildFile; fileRef = 6EC5005D2189FF4F005D5FF0 /* UIView+SRFrame.swift */; };
		6EC500602189FF87005D5FF0 /* CGRect+SRExtension.swift in Sources */ = {isa = PBXBuildFile; fileRef = 6EC5005F2189FF87005D5FF0 /* CGRect+SRExtension.swift */; };
		6EC500622189FFB4005D5FF0 /* UIScreen+SRExtension.swift in Sources */ = {isa = PBXBuildFile; fileRef = 6EC500612189FFB4005D5FF0 /* UIScreen+SRExtension.swift */; };
		6EC500642189FFD6005D5FF0 /* UIDevice+SRExtension.swift in Sources */ = {isa = PBXBuildFile; fileRef = 6EC500632189FFD6005D5FF0 /* UIDevice+SRExtension.swift */; };
/* End PBXBuildFile section */

/* Begin PBXFileReference section */
		19C4CAB721AF8A4A008003E6 /* NSObject+SRExtension.swift */ = {isa = PBXFileReference; lastKnownFileType = sourcecode.swift; path = "NSObject+SRExtension.swift"; sourceTree = "<group>"; };
		19C4CAB921AF8A66008003E6 /* UIColor+SRExtension.swift */ = {isa = PBXFileReference; lastKnownFileType = sourcecode.swift; path = "UIColor+SRExtension.swift"; sourceTree = "<group>"; };
		19C4CABB21AF8D9F008003E6 /* UIView+SRInterfaceBuilder.swift */ = {isa = PBXFileReference; lastKnownFileType = sourcecode.swift; path = "UIView+SRInterfaceBuilder.swift"; sourceTree = "<group>"; };
		19C9E9B521F326CB00C57BBB /* UIimage+SRExtension.swift */ = {isa = PBXFileReference; lastKnownFileType = sourcecode.swift; path = "UIimage+SRExtension.swift"; sourceTree = "<group>"; };
		19C9E9B721F327A500C57BBB /* Date+SRExtension.swift */ = {isa = PBXFileReference; lastKnownFileType = sourcecode.swift; path = "Date+SRExtension.swift"; sourceTree = "<group>"; };
		19CDE39322718A2F00F5B66D /* Haptics.swift */ = {isa = PBXFileReference; fileEncoding = 4; lastKnownFileType = sourcecode.swift; path = Haptics.swift; sourceTree = "<group>"; };
		19F7174D226EC1C4002263CD /* Collection+SRExtension.swift */ = {isa = PBXFileReference; lastKnownFileType = sourcecode.swift; path = "Collection+SRExtension.swift"; sourceTree = "<group>"; };
		19F7174F226F0D1F002263CD /* Array+SRExtension.swift */ = {isa = PBXFileReference; lastKnownFileType = sourcecode.swift; path = "Array+SRExtension.swift"; sourceTree = "<group>"; };
		19F71751226F0E5A002263CD /* UITextField+SRExtension.swift */ = {isa = PBXFileReference; lastKnownFileType = sourcecode.swift; path = "UITextField+SRExtension.swift"; sourceTree = "<group>"; };
		19F71753226F1797002263CD /* CommonProtocol.swift */ = {isa = PBXFileReference; lastKnownFileType = sourcecode.swift; path = CommonProtocol.swift; sourceTree = "<group>"; };
		6837B3F6215E15AF0016B3E4 /* SRSwiftyExtension.app */ = {isa = PBXFileReference; explicitFileType = wrapper.application; includeInIndex = 0; path = SRSwiftyExtension.app; sourceTree = BUILT_PRODUCTS_DIR; };
		6837B3F9215E15AF0016B3E4 /* AppDelegate.swift */ = {isa = PBXFileReference; lastKnownFileType = sourcecode.swift; path = AppDelegate.swift; sourceTree = "<group>"; };
		6837B3FB215E15AF0016B3E4 /* ViewController.swift */ = {isa = PBXFileReference; lastKnownFileType = sourcecode.swift; path = ViewController.swift; sourceTree = "<group>"; };
		6837B3FE215E15AF0016B3E4 /* Base */ = {isa = PBXFileReference; lastKnownFileType = file.storyboard; name = Base; path = Base.lproj/Main.storyboard; sourceTree = "<group>"; };
		6837B400215E15B10016B3E4 /* Assets.xcassets */ = {isa = PBXFileReference; lastKnownFileType = folder.assetcatalog; path = Assets.xcassets; sourceTree = "<group>"; };
		6837B403215E15B10016B3E4 /* Base */ = {isa = PBXFileReference; lastKnownFileType = file.storyboard; name = Base; path = Base.lproj/LaunchScreen.storyboard; sourceTree = "<group>"; };
		6837B405215E15B10016B3E4 /* Info.plist */ = {isa = PBXFileReference; lastKnownFileType = text.plist.xml; path = Info.plist; sourceTree = "<group>"; };
		6837B40C215E163B0016B3E4 /* UIView+SRExtension.swift */ = {isa = PBXFileReference; lastKnownFileType = sourcecode.swift; path = "UIView+SRExtension.swift"; sourceTree = "<group>"; };
		6EC5005D2189FF4F005D5FF0 /* UIView+SRFrame.swift */ = {isa = PBXFileReference; lastKnownFileType = sourcecode.swift; path = "UIView+SRFrame.swift"; sourceTree = "<group>"; };
		6EC5005F2189FF87005D5FF0 /* CGRect+SRExtension.swift */ = {isa = PBXFileReference; lastKnownFileType = sourcecode.swift; path = "CGRect+SRExtension.swift"; sourceTree = "<group>"; };
		6EC500612189FFB4005D5FF0 /* UIScreen+SRExtension.swift */ = {isa = PBXFileReference; lastKnownFileType = sourcecode.swift; path = "UIScreen+SRExtension.swift"; sourceTree = "<group>"; };
		6EC500632189FFD6005D5FF0 /* UIDevice+SRExtension.swift */ = {isa = PBXFileReference; lastKnownFileType = sourcecode.swift; path = "UIDevice+SRExtension.swift"; sourceTree = "<group>"; };
/* End PBXFileReference section */

/* Begin PBXFrameworksBuildPhase section */
		6837B3F3215E15AF0016B3E4 /* Frameworks */ = {
			isa = PBXFrameworksBuildPhase;
			buildActionMask = 2147483647;
			files = (
			);
			runOnlyForDeploymentPostprocessing = 0;
		};
/* End PBXFrameworksBuildPhase section */

/* Begin PBXGroup section */
		6837B3ED215E15AF0016B3E4 = {
			isa = PBXGroup;
			children = (
				6837B3F8215E15AF0016B3E4 /* SRSwiftyExtension */,
				6837B3F7215E15AF0016B3E4 /* Products */,
			);
			sourceTree = "<group>";
		};
		6837B3F7215E15AF0016B3E4 /* Products */ = {
			isa = PBXGroup;
			children = (
				6837B3F6215E15AF0016B3E4 /* SRSwiftyExtension.app */,
			);
			name = Products;
			sourceTree = "<group>";
		};
		6837B3F8215E15AF0016B3E4 /* SRSwiftyExtension */ = {
			isa = PBXGroup;
			children = (
				6837B40B215E15C40016B3E4 /* SRSwiftyExtension */,
				6837B3F9215E15AF0016B3E4 /* AppDelegate.swift */,
				6837B3FB215E15AF0016B3E4 /* ViewController.swift */,
				6837B3FD215E15AF0016B3E4 /* Main.storyboard */,
				6837B400215E15B10016B3E4 /* Assets.xcassets */,
				6837B402215E15B10016B3E4 /* LaunchScreen.storyboard */,
				6837B405215E15B10016B3E4 /* Info.plist */,
			);
			path = SRSwiftyExtension;
			sourceTree = "<group>";
		};
		6837B40B215E15C40016B3E4 /* SRSwiftyExtension */ = {
			isa = PBXGroup;
			children = (
				6837B40C215E163B0016B3E4 /* UIView+SRExtension.swift */,
				6EC5005D2189FF4F005D5FF0 /* UIView+SRFrame.swift */,
				6EC5005F2189FF87005D5FF0 /* CGRect+SRExtension.swift */,
				6EC500612189FFB4005D5FF0 /* UIScreen+SRExtension.swift */,
				6EC500632189FFD6005D5FF0 /* UIDevice+SRExtension.swift */,
				19C4CAB721AF8A4A008003E6 /* NSObject+SRExtension.swift */,
				19C4CAB921AF8A66008003E6 /* UIColor+SRExtension.swift */,
				19C4CABB21AF8D9F008003E6 /* UIView+SRInterfaceBuilder.swift */,
				19C9E9B521F326CB00C57BBB /* UIimage+SRExtension.swift */,
				19C9E9B721F327A500C57BBB /* Date+SRExtension.swift */,
				19F7174D226EC1C4002263CD /* Collection+SRExtension.swift */,
				19F7174F226F0D1F002263CD /* Array+SRExtension.swift */,
				19F71751226F0E5A002263CD /* UITextField+SRExtension.swift */,
				19F71753226F1797002263CD /* CommonProtocol.swift */,
				19CDE39322718A2F00F5B66D /* Haptics.swift */,
			);
			path = SRSwiftyExtension;
			sourceTree = "<group>";
		};
/* End PBXGroup section */

/* Begin PBXNativeTarget section */
		6837B3F5215E15AF0016B3E4 /* SRSwiftyExtension */ = {
			isa = PBXNativeTarget;
			buildConfigurationList = 6837B408215E15B10016B3E4 /* Build configuration list for PBXNativeTarget "SRSwiftyExtension" */;
			buildPhases = (
				6837B3F2215E15AF0016B3E4 /* Sources */,
				6837B3F3215E15AF0016B3E4 /* Frameworks */,
				6837B3F4215E15AF0016B3E4 /* Resources */,
			);
			buildRules = (
			);
			dependencies = (
			);
			name = SRSwiftyExtension;
			productName = SwiftExtensions;
			productReference = 6837B3F6215E15AF0016B3E4 /* SRSwiftyExtension.app */;
			productType = "com.apple.product-type.application";
		};
/* End PBXNativeTarget section */

/* Begin PBXProject section */
		6837B3EE215E15AF0016B3E4 /* Project object */ = {
			isa = PBXProject;
			attributes = {
				LastSwiftUpdateCheck = 0940;
				LastUpgradeCheck = 0940;
				ORGANIZATIONNAME = SR;
				TargetAttributes = {
					6837B3F5215E15AF0016B3E4 = {
						CreatedOnToolsVersion = 9.4.1;
					};
				};
			};
			buildConfigurationList = 6837B3F1215E15AF0016B3E4 /* Build configuration list for PBXProject "SRSwiftyExtension" */;
			compatibilityVersion = "Xcode 9.3";
			developmentRegion = en;
			hasScannedForEncodings = 0;
			knownRegions = (
				en,
				Base,
			);
			mainGroup = 6837B3ED215E15AF0016B3E4;
			productRefGroup = 6837B3F7215E15AF0016B3E4 /* Products */;
			projectDirPath = "";
			projectRoot = "";
			targets = (
				6837B3F5215E15AF0016B3E4 /* SRSwiftyExtension */,
			);
		};
/* End PBXProject section */

/* Begin PBXResourcesBuildPhase section */
		6837B3F4215E15AF0016B3E4 /* Resources */ = {
			isa = PBXResourcesBuildPhase;
			buildActionMask = 2147483647;
			files = (
				6837B404215E15B10016B3E4 /* LaunchScreen.storyboard in Resources */,
				6837B401215E15B10016B3E4 /* Assets.xcassets in Resources */,
				6837B3FF215E15AF0016B3E4 /* Main.storyboard in Resources */,
			);
			runOnlyForDeploymentPostprocessing = 0;
		};
/* End PBXResourcesBuildPhase section */

/* Begin PBXSourcesBuildPhase section */
		6837B3F2215E15AF0016B3E4 /* Sources */ = {
			isa = PBXSourcesBuildPhase;
			buildActionMask = 2147483647;
			files = (
				19F71750226F0D1F002263CD /* Array+SRExtension.swift in Sources */,
				6EC500642189FFD6005D5FF0 /* UIDevice+SRExtension.swift in Sources */,
				19CDE39422718A2F00F5B66D /* Haptics.swift in Sources */,
				19F71752226F0E5A002263CD /* UITextField+SRExtension.swift in Sources */,
				19C9E9B821F327A500C57BBB /* Date+SRExtension.swift in Sources */,
				19C4CABA21AF8A66008003E6 /* UIColor+SRExtension.swift in Sources */,
				6EC500602189FF87005D5FF0 /* CGRect+SRExtension.swift in Sources */,
				19C4CABC21AF8D9F008003E6 /* UIView+SRInterfaceBuilder.swift in Sources */,
				19C4CAB821AF8A4A008003E6 /* NSObject+SRExtension.swift in Sources */,
				6EC5005E2189FF4F005D5FF0 /* UIView+SRFrame.swift in Sources */,
				6837B3FC215E15AF0016B3E4 /* ViewController.swift in Sources */,
				6837B40D215E163B0016B3E4 /* UIView+SRExtension.swift in Sources */,
				19F7174E226EC1C4002263CD /* Collection+SRExtension.swift in Sources */,
				19F71754226F1797002263CD /* CommonProtocol.swift in Sources */,
				6EC500622189FFB4005D5FF0 /* UIScreen+SRExtension.swift in Sources */,
				19C9E9B621F326CB00C57BBB /* UIimage+SRExtension.swift in Sources */,
				6837B3FA215E15AF0016B3E4 /* AppDelegate.swift in Sources */,
			);
			runOnlyForDeploymentPostprocessing = 0;
		};
/* End PBXSourcesBuildPhase section */

/* Begin PBXVariantGroup section */
		6837B3FD215E15AF0016B3E4 /* Main.storyboard */ = {
			isa = PBXVariantGroup;
			children = (
				6837B3FE215E15AF0016B3E4 /* Base */,
			);
			name = Main.storyboard;
			sourceTree = "<group>";
		};
		6837B402215E15B10016B3E4 /* LaunchScreen.storyboard */ = {
			isa = PBXVariantGroup;
			children = (
				6837B403215E15B10016B3E4 /* Base */,
			);
			name = LaunchScreen.storyboard;
			sourceTree = "<group>";
		};
/* End PBXVariantGroup section */

/* Begin XCBuildConfiguration section */
		6837B406215E15B10016B3E4 /* Debug */ = {
			isa = XCBuildConfiguration;
			buildSettings = {
				ALWAYS_SEARCH_USER_PATHS = NO;
				CLANG_ANALYZER_NONNULL = YES;
				CLANG_ANALYZER_NUMBER_OBJECT_CONVERSION = YES_AGGRESSIVE;
				CLANG_CXX_LANGUAGE_STANDARD = "gnu++14";
				CLANG_CXX_LIBRARY = "libc++";
				CLANG_ENABLE_MODULES = YES;
				CLANG_ENABLE_OBJC_ARC = YES;
				CLANG_ENABLE_OBJC_WEAK = YES;
				CLANG_WARN_BLOCK_CAPTURE_AUTORELEASING = YES;
				CLANG_WARN_BOOL_CONVERSION = YES;
				CLANG_WARN_COMMA = YES;
				CLANG_WARN_CONSTANT_CONVERSION = YES;
				CLANG_WARN_DEPRECATED_OBJC_IMPLEMENTATIONS = YES;
				CLANG_WARN_DIRECT_OBJC_ISA_USAGE = YES_ERROR;
				CLANG_WARN_DOCUMENTATION_COMMENTS = YES;
				CLANG_WARN_EMPTY_BODY = YES;
				CLANG_WARN_ENUM_CONVERSION = YES;
				CLANG_WARN_INFINITE_RECURSION = YES;
				CLANG_WARN_INT_CONVERSION = YES;
				CLANG_WARN_NON_LITERAL_NULL_CONVERSION = YES;
				CLANG_WARN_OBJC_IMPLICIT_RETAIN_SELF = YES;
				CLANG_WARN_OBJC_LITERAL_CONVERSION = YES;
				CLANG_WARN_OBJC_ROOT_CLASS = YES_ERROR;
				CLANG_WARN_RANGE_LOOP_ANALYSIS = YES;
				CLANG_WARN_STRICT_PROTOTYPES = YES;
				CLANG_WARN_SUSPICIOUS_MOVE = YES;
				CLANG_WARN_UNGUARDED_AVAILABILITY = YES_AGGRESSIVE;
				CLANG_WARN_UNREACHABLE_CODE = YES;
				CLANG_WARN__DUPLICATE_METHOD_MATCH = YES;
				CODE_SIGN_IDENTITY = "iPhone Developer";
				COPY_PHASE_STRIP = NO;
				DEBUG_INFORMATION_FORMAT = dwarf;
				ENABLE_STRICT_OBJC_MSGSEND = YES;
				ENABLE_TESTABILITY = YES;
				GCC_C_LANGUAGE_STANDARD = gnu11;
				GCC_DYNAMIC_NO_PIC = NO;
				GCC_NO_COMMON_BLOCKS = YES;
				GCC_OPTIMIZATION_LEVEL = 0;
				GCC_PREPROCESSOR_DEFINITIONS = (
					"DEBUG=1",
					"$(inherited)",
				);
				GCC_WARN_64_TO_32_BIT_CONVERSION = YES;
				GCC_WARN_ABOUT_RETURN_TYPE = YES_ERROR;
				GCC_WARN_UNDECLARED_SELECTOR = YES;
				GCC_WARN_UNINITIALIZED_AUTOS = YES_AGGRESSIVE;
				GCC_WARN_UNUSED_FUNCTION = YES;
				GCC_WARN_UNUSED_VARIABLE = YES;
				IPHONEOS_DEPLOYMENT_TARGET = 11.4;
				MTL_ENABLE_DEBUG_INFO = YES;
				ONLY_ACTIVE_ARCH = YES;
				SDKROOT = iphoneos;
				SWIFT_ACTIVE_COMPILATION_CONDITIONS = DEBUG;
				SWIFT_OPTIMIZATION_LEVEL = "-Onone";
			};
			name = Debug;
		};
		6837B407215E15B10016B3E4 /* Release */ = {
			isa = XCBuildConfiguration;
			buildSettings = {
				ALWAYS_SEARCH_USER_PATHS = NO;
				CLANG_ANALYZER_NONNULL = YES;
				CLANG_ANALYZER_NUMBER_OBJECT_CONVERSION = YES_AGGRESSIVE;
				CLANG_CXX_LANGUAGE_STANDARD = "gnu++14";
				CLANG_CXX_LIBRARY = "libc++";
				CLANG_ENABLE_MODULES = YES;
				CLANG_ENABLE_OBJC_ARC = YES;
				CLANG_ENABLE_OBJC_WEAK = YES;
				CLANG_WARN_BLOCK_CAPTURE_AUTORELEASING = YES;
				CLANG_WARN_BOOL_CONVERSION = YES;
				CLANG_WARN_COMMA = YES;
				CLANG_WARN_CONSTANT_CONVERSION = YES;
				CLANG_WARN_DEPRECATED_OBJC_IMPLEMENTATIONS = YES;
				CLANG_WARN_DIRECT_OBJC_ISA_USAGE = YES_ERROR;
				CLANG_WARN_DOCUMENTATION_COMMENTS = YES;
				CLANG_WARN_EMPTY_BODY = YES;
				CLANG_WARN_ENUM_CONVERSION = YES;
				CLANG_WARN_INFINITE_RECURSION = YES;
				CLANG_WARN_INT_CONVERSION = YES;
				CLANG_WARN_NON_LITERAL_NULL_CONVERSION = YES;
				CLANG_WARN_OBJC_IMPLICIT_RETAIN_SELF = YES;
				CLANG_WARN_OBJC_LITERAL_CONVERSION = YES;
				CLANG_WARN_OBJC_ROOT_CLASS = YES_ERROR;
				CLANG_WARN_RANGE_LOOP_ANALYSIS = YES;
				CLANG_WARN_STRICT_PROTOTYPES = YES;
				CLANG_WARN_SUSPICIOUS_MOVE = YES;
				CLANG_WARN_UNGUARDED_AVAILABILITY = YES_AGGRESSIVE;
				CLANG_WARN_UNREACHABLE_CODE = YES;
				CLANG_WARN__DUPLICATE_METHOD_MATCH = YES;
				CODE_SIGN_IDENTITY = "iPhone Developer";
				COPY_PHASE_STRIP = NO;
				DEBUG_INFORMATION_FORMAT = "dwarf-with-dsym";
				ENABLE_NS_ASSERTIONS = NO;
				ENABLE_STRICT_OBJC_MSGSEND = YES;
				GCC_C_LANGUAGE_STANDARD = gnu11;
				GCC_NO_COMMON_BLOCKS = YES;
				GCC_WARN_64_TO_32_BIT_CONVERSION = YES;
				GCC_WARN_ABOUT_RETURN_TYPE = YES_ERROR;
				GCC_WARN_UNDECLARED_SELECTOR = YES;
				GCC_WARN_UNINITIALIZED_AUTOS = YES_AGGRESSIVE;
				GCC_WARN_UNUSED_FUNCTION = YES;
				GCC_WARN_UNUSED_VARIABLE = YES;
				IPHONEOS_DEPLOYMENT_TARGET = 11.4;
				MTL_ENABLE_DEBUG_INFO = NO;
				SDKROOT = iphoneos;
				SWIFT_COMPILATION_MODE = wholemodule;
				SWIFT_OPTIMIZATION_LEVEL = "-O";
				VALIDATE_PRODUCT = YES;
			};
			name = Release;
		};
		6837B409215E15B10016B3E4 /* Debug */ = {
			isa = XCBuildConfiguration;
			buildSettings = {
				ASSETCATALOG_COMPILER_APPICON_NAME = AppIcon;
				CODE_SIGN_STYLE = Manual;
				DEVELOPMENT_TEAM = L8C6M6B8E9;
				INFOPLIST_FILE = SRSwiftyExtension/Info.plist;
				IPHONEOS_DEPLOYMENT_TARGET = 9.0;
				LD_RUNPATH_SEARCH_PATHS = (
					"$(inherited)",
					"@executable_path/Frameworks",
				);
				PRODUCT_BUNDLE_IDENTIFIER = com.willing.SwiftExtensions;
				PRODUCT_NAME = "$(TARGET_NAME)";
				PROVISIONING_PROFILE = "ffb223b7-b498-46e0-af66-aa9a0a5e2883";
				PROVISIONING_PROFILE_SPECIFIER = "PP For All";
				SWIFT_VERSION = 5.0;
				TARGETED_DEVICE_FAMILY = "1,2";
			};
			name = Debug;
		};
		6837B40A215E15B10016B3E4 /* Release */ = {
			isa = XCBuildConfiguration;
			buildSettings = {
				ASSETCATALOG_COMPILER_APPICON_NAME = AppIcon;
				CODE_SIGN_STYLE = Manual;
				DEVELOPMENT_TEAM = L8C6M6B8E9;
				INFOPLIST_FILE = SRSwiftyExtension/Info.plist;
				IPHONEOS_DEPLOYMENT_TARGET = 9.0;
				LD_RUNPATH_SEARCH_PATHS = (
					"$(inherited)",
					"@executable_path/Frameworks",
				);
				PRODUCT_BUNDLE_IDENTIFIER = com.willing.SwiftExtensions;
				PRODUCT_NAME = "$(TARGET_NAME)";
				PROVISIONING_PROFILE = "ffb223b7-b498-46e0-af66-aa9a0a5e2883";
				PROVISIONING_PROFILE_SPECIFIER = "PP For All";
				SWIFT_VERSION = 5.0;
				TARGETED_DEVICE_FAMILY = "1,2";
			};
			name = Release;
		};
/* End XCBuildConfiguration section */

/* Begin XCConfigurationList section */
		6837B3F1215E15AF0016B3E4 /* Build configuration list for PBXProject "SRSwiftyExtension" */ = {
			isa = XCConfigurationList;
			buildConfigurations = (
				6837B406215E15B10016B3E4 /* Debug */,
				6837B407215E15B10016B3E4 /* Release */,
			);
			defaultConfigurationIsVisible = 0;
			defaultConfigurationName = Release;
		};
		6837B408215E15B10016B3E4 /* Build configuration list for PBXNativeTarget "SRSwiftyExtension" */ = {
			isa = XCConfigurationList;
			buildConfigurations = (
				6837B409215E15B10016B3E4 /* Debug */,
				6837B40A215E15B10016B3E4 /* Release */,
			);
			defaultConfigurationIsVisible = 0;
			defaultConfigurationName = Release;
		};
/* End XCConfigurationList section */
	};
	rootObject = 6837B3EE215E15AF0016B3E4 /* Project object */;
}
