// !$*UTF8*$!
{
	archiveVersion = 1;
	classes = {
	};
	objectVersion = 46;
	objects = {

/* Begin PBXBuildFile section */
		68385B651E52F71D006FFBE1 /* main.m in Sources */ = {isa = PBXBuildFile; fileRef = 68385B641E52F71D006FFBE1 /* main.m */; };
		68385B681E52F71D006FFBE1 /* AppDelegate.m in Sources */ = {isa = PBXBuildFile; fileRef = 68385B671E52F71D006FFBE1 /* AppDelegate.m */; };
		68385B6B1E52F71D006FFBE1 /* ViewController.m in Sources */ = {isa = PBXBuildFile; fileRef = 68385B6A1E52F71D006FFBE1 /* ViewController.m */; };
		68385B6E1E52F71D006FFBE1 /* Main.storyboard in Resources */ = {isa = PBXBuildFile; fileRef = 68385B6C1E52F71D006FFBE1 /* Main.storyboard */; };
		68385B701E52F71D006FFBE1 /* Assets.xcassets in Resources */ = {isa = PBXBuildFile; fileRef = 68385B6F1E52F71D006FFBE1 /* Assets.xcassets */; };
		68385B731E52F71D006FFBE1 /* LaunchScreen.storyboard in Resources */ = {isa = PBXBuildFile; fileRef = 68385B711E52F71D006FFBE1 /* LaunchScreen.storyboard */; };
		68385B7E1E52F71D006FFBE1 /* WavesViewTests.m in Sources */ = {isa = PBXBuildFile; fileRef = 68385B7D1E52F71D006FFBE1 /* WavesViewTests.m */; };
		68385B891E52F71D006FFBE1 /* WavesViewUITests.m in Sources */ = {isa = PBXBuildFile; fileRef = 68385B881E52F71D006FFBE1 /* WavesViewUITests.m */; };
		68385B981E52F7DD006FFBE1 /* WaveView.m in Sources */ = {isa = PBXBuildFile; fileRef = 68385B971E52F7DD006FFBE1 /* WaveView.m */; };
/* End PBXBuildFile section */

/* Begin PBXContainerItemProxy section */
		68385B7A1E52F71D006FFBE1 /* PBXContainerItemProxy */ = {
			isa = PBXContainerItemProxy;
			containerPortal = 68385B581E52F71D006FFBE1 /* Project object */;
			proxyType = 1;
			remoteGlobalIDString = 68385B5F1E52F71D006FFBE1;
			remoteInfo = WavesView;
		};
		68385B851E52F71D006FFBE1 /* PBXContainerItemProxy */ = {
			isa = PBXContainerItemProxy;
			containerPortal = 68385B581E52F71D006FFBE1 /* Project object */;
			proxyType = 1;
			remoteGlobalIDString = 68385B5F1E52F71D006FFBE1;
			remoteInfo = WavesView;
		};
/* End PBXContainerItemProxy section */

/* Begin PBXFileReference section */
		68385B601E52F71D006FFBE1 /* WavesView.app */ = {isa = PBXFileReference; explicitFileType = wrapper.application; includeInIndex = 0; path = WavesView.app; sourceTree = BUILT_PRODUCTS_DIR; };
		68385B641E52F71D006FFBE1 /* main.m */ = {isa = PBXFileReference; lastKnownFileType = sourcecode.c.objc; path = main.m; sourceTree = "<group>"; };
		68385B661E52F71D006FFBE1 /* AppDelegate.h */ = {isa = PBXFileReference; lastKnownFileType = sourcecode.c.h; path = AppDelegate.h; sourceTree = "<group>"; };
		68385B671E52F71D006FFBE1 /* AppDelegate.m */ = {isa = PBXFileReference; lastKnownFileType = sourcecode.c.objc; path = AppDelegate.m; sourceTree = "<group>"; };
		68385B691E52F71D006FFBE1 /* ViewController.h */ = {isa = PBXFileReference; lastKnownFileType = sourcecode.c.h; path = ViewController.h; sourceTree = "<group>"; };
		68385B6A1E52F71D006FFBE1 /* ViewController.m */ = {isa = PBXFileReference; lastKnownFileType = sourcecode.c.objc; path = ViewController.m; sourceTree = "<group>"; };
		68385B6D1E52F71D006FFBE1 /* Base */ = {isa = PBXFileReference; lastKnownFileType = file.storyboard; name = Base; path = Base.lproj/Main.storyboard; sourceTree = "<group>"; };
		68385B6F1E52F71D006FFBE1 /* Assets.xcassets */ = {isa = PBXFileReference; lastKnownFileType = folder.assetcatalog; path = Assets.xcassets; sourceTree = "<group>"; };
		68385B721E52F71D006FFBE1 /* Base */ = {isa = PBXFileReference; lastKnownFileType = file.storyboard; name = Base; path = Base.lproj/LaunchScreen.storyboard; sourceTree = "<group>"; };
		68385B741E52F71D006FFBE1 /* Info.plist */ = {isa = PBXFileReference; lastKnownFileType = text.plist.xml; path = Info.plist; sourceTree = "<group>"; };
		68385B791E52F71D006FFBE1 /* WavesViewTests.xctest */ = {isa = PBXFileReference; explicitFileType = wrapper.cfbundle; includeInIndex = 0; path = WavesViewTests.xctest; sourceTree = BUILT_PRODUCTS_DIR; };
		68385B7D1E52F71D006FFBE1 /* WavesViewTests.m */ = {isa = PBXFileReference; lastKnownFileType = sourcecode.c.objc; path = WavesViewTests.m; sourceTree = "<group>"; };
		68385B7F1E52F71D006FFBE1 /* Info.plist */ = {isa = PBXFileReference; lastKnownFileType = text.plist.xml; path = Info.plist; sourceTree = "<group>"; };
		68385B841E52F71D006FFBE1 /* WavesViewUITests.xctest */ = {isa = PBXFileReference; explicitFileType = wrapper.cfbundle; includeInIndex = 0; path = WavesViewUITests.xctest; sourceTree = BUILT_PRODUCTS_DIR; };
		68385B881E52F71D006FFBE1 /* WavesViewUITests.m */ = {isa = PBXFileReference; lastKnownFileType = sourcecode.c.objc; path = WavesViewUITests.m; sourceTree = "<group>"; };
		68385B8A1E52F71D006FFBE1 /* Info.plist */ = {isa = PBXFileReference; lastKnownFileType = text.plist.xml; path = Info.plist; sourceTree = "<group>"; };
		68385B961E52F7DD006FFBE1 /* WaveView.h */ = {isa = PBXFileReference; fileEncoding = 4; lastKnownFileType = sourcecode.c.h; path = WaveView.h; sourceTree = "<group>"; };
		68385B971E52F7DD006FFBE1 /* WaveView.m */ = {isa = PBXFileReference; fileEncoding = 4; lastKnownFileType = sourcecode.c.objc; path = WaveView.m; sourceTree = "<group>"; };
/* End PBXFileReference section */

/* Begin PBXFrameworksBuildPhase section */
		68385B5D1E52F71D006FFBE1 /* Frameworks */ = {
			isa = PBXFrameworksBuildPhase;
			buildActionMask = 2147483647;
			files = (
			);
			runOnlyForDeploymentPostprocessing = 0;
		};
		68385B761E52F71D006FFBE1 /* Frameworks */ = {
			isa = PBXFrameworksBuildPhase;
			buildActionMask = 2147483647;
			files = (
			);
			runOnlyForDeploymentPostprocessing = 0;
		};
		68385B811E52F71D006FFBE1 /* Frameworks */ = {
			isa = PBXFrameworksBuildPhase;
			buildActionMask = 2147483647;
			files = (
			);
			runOnlyForDeploymentPostprocessing = 0;
		};
/* End PBXFrameworksBuildPhase section */

/* Begin PBXGroup section */
		68385B571E52F71D006FFBE1 = {
			isa = PBXGroup;
			children = (
				68385B621E52F71D006FFBE1 /* WavesView */,
				68385B7C1E52F71D006FFBE1 /* WavesViewTests */,
				68385B871E52F71D006FFBE1 /* WavesViewUITests */,
				68385B611E52F71D006FFBE1 /* Products */,
			);
			sourceTree = "<group>";
		};
		68385B611E52F71D006FFBE1 /* Products */ = {
			isa = PBXGroup;
			children = (
				68385B601E52F71D006FFBE1 /* WavesView.app */,
				68385B791E52F71D006FFBE1 /* WavesViewTests.xctest */,
				68385B841E52F71D006FFBE1 /* WavesViewUITests.xctest */,
			);
			name = Products;
			sourceTree = "<group>";
		};
		68385B621E52F71D006FFBE1 /* WavesView */ = {
			isa = PBXGroup;
			children = (
				68385B961E52F7DD006FFBE1 /* WaveView.h */,
				68385B971E52F7DD006FFBE1 /* WaveView.m */,
				68385B691E52F71D006FFBE1 /* ViewController.h */,
				68385B6A1E52F71D006FFBE1 /* ViewController.m */,
				68385B631E52F71D006FFBE1 /* Supporting Files */,
			);
			path = WavesView;
			sourceTree = "<group>";
		};
		68385B631E52F71D006FFBE1 /* Supporting Files */ = {
			isa = PBXGroup;
			children = (
				68385B641E52F71D006FFBE1 /* main.m */,
				68385B661E52F71D006FFBE1 /* AppDelegate.h */,
				68385B671E52F71D006FFBE1 /* AppDelegate.m */,
				68385B6C1E52F71D006FFBE1 /* Main.storyboard */,
				68385B6F1E52F71D006FFBE1 /* Assets.xcassets */,
				68385B711E52F71D006FFBE1 /* LaunchScreen.storyboard */,
				68385B741E52F71D006FFBE1 /* Info.plist */,
			);
			name = "Supporting Files";
			sourceTree = "<group>";
		};
		68385B7C1E52F71D006FFBE1 /* WavesViewTests */ = {
			isa = PBXGroup;
			children = (
				68385B7D1E52F71D006FFBE1 /* WavesViewTests.m */,
				68385B7F1E52F71D006FFBE1 /* Info.plist */,
			);
			path = WavesViewTests;
			sourceTree = "<group>";
		};
		68385B871E52F71D006FFBE1 /* WavesViewUITests */ = {
			isa = PBXGroup;
			children = (
				68385B881E52F71D006FFBE1 /* WavesViewUITests.m */,
				68385B8A1E52F71D006FFBE1 /* Info.plist */,
			);
			path = WavesViewUITests;
			sourceTree = "<group>";
		};
/* End PBXGroup section */

/* Begin PBXNativeTarget section */
		68385B5F1E52F71D006FFBE1 /* WavesView */ = {
			isa = PBXNativeTarget;
			buildConfigurationList = 68385B8D1E52F71D006FFBE1 /* Build configuration list for PBXNativeTarget "WavesView" */;
			buildPhases = (
				68385B5C1E52F71D006FFBE1 /* Sources */,
				68385B5D1E52F71D006FFBE1 /* Frameworks */,
				68385B5E1E52F71D006FFBE1 /* Resources */,
			);
			buildRules = (
			);
			dependencies = (
			);
			name = WavesView;
			productName = WavesView;
			productReference = 68385B601E52F71D006FFBE1 /* WavesView.app */;
			productType = "com.apple.product-type.application";
		};
		68385B781E52F71D006FFBE1 /* WavesViewTests */ = {
			isa = PBXNativeTarget;
			buildConfigurationList = 68385B901E52F71D006FFBE1 /* Build configuration list for PBXNativeTarget "WavesViewTests" */;
			buildPhases = (
				68385B751E52F71D006FFBE1 /* Sources */,
				68385B761E52F71D006FFBE1 /* Frameworks */,
				68385B771E52F71D006FFBE1 /* Resources */,
			);
			buildRules = (
			);
			dependencies = (
				68385B7B1E52F71D006FFBE1 /* PBXTargetDependency */,
			);
			name = WavesViewTests;
			productName = WavesViewTests;
			productReference = 68385B791E52F71D006FFBE1 /* WavesViewTests.xctest */;
			productType = "com.apple.product-type.bundle.unit-test";
		};
		68385B831E52F71D006FFBE1 /* WavesViewUITests */ = {
			isa = PBXNativeTarget;
			buildConfigurationList = 68385B931E52F71D006FFBE1 /* Build configuration list for PBXNativeTarget "WavesViewUITests" */;
			buildPhases = (
				68385B801E52F71D006FFBE1 /* Sources */,
				68385B811E52F71D006FFBE1 /* Frameworks */,
				68385B821E52F71D006FFBE1 /* Resources */,
			);
			buildRules = (
			);
			dependencies = (
				68385B861E52F71D006FFBE1 /* PBXTargetDependency */,
			);
			name = WavesViewUITests;
			productName = WavesViewUITests;
			productReference = 68385B841E52F71D006FFBE1 /* WavesViewUITests.xctest */;
			productType = "com.apple.product-type.bundle.ui-testing";
		};
/* End PBXNativeTarget section */

/* Begin PBXProject section */
		68385B581E52F71D006FFBE1 /* Project object */ = {
			isa = PBXProject;
			attributes = {
				LastUpgradeCheck = 0820;
				ORGANIZATIONNAME = SR;
				TargetAttributes = {
					68385B5F1E52F71D006FFBE1 = {
						CreatedOnToolsVersion = 8.2.1;
						DevelopmentTeam = Y4FK8UXDXW;
						ProvisioningStyle = Manual;
					};
					68385B781E52F71D006FFBE1 = {
						CreatedOnToolsVersion = 8.2.1;
						ProvisioningStyle = Automatic;
						TestTargetID = 68385B5F1E52F71D006FFBE1;
					};
					68385B831E52F71D006FFBE1 = {
						CreatedOnToolsVersion = 8.2.1;
						ProvisioningStyle = Automatic;
						TestTargetID = 68385B5F1E52F71D006FFBE1;
					};
				};
			};
			buildConfigurationList = 68385B5B1E52F71D006FFBE1 /* Build configuration list for PBXProject "WavesView" */;
			compatibilityVersion = "Xcode 3.2";
			developmentRegion = English;
			hasScannedForEncodings = 0;
			knownRegions = (
				en,
				Base,
			);
			mainGroup = 68385B571E52F71D006FFBE1;
			productRefGroup = 68385B611E52F71D006FFBE1 /* Products */;
			projectDirPath = "";
			projectRoot = "";
			targets = (
				68385B5F1E52F71D006FFBE1 /* WavesView */,
				68385B781E52F71D006FFBE1 /* WavesViewTests */,
				68385B831E52F71D006FFBE1 /* WavesViewUITests */,
			);
		};
/* End PBXProject section */

/* Begin PBXResourcesBuildPhase section */
		68385B5E1E52F71D006FFBE1 /* Resources */ = {
			isa = PBXResourcesBuildPhase;
			buildActionMask = 2147483647;
			files = (
				68385B731E52F71D006FFBE1 /* LaunchScreen.storyboard in Resources */,
				68385B701E52F71D006FFBE1 /* Assets.xcassets in Resources */,
				68385B6E1E52F71D006FFBE1 /* Main.storyboard in Resources */,
			);
			runOnlyForDeploymentPostprocessing = 0;
		};
		68385B771E52F71D006FFBE1 /* Resources */ = {
			isa = PBXResourcesBuildPhase;
			buildActionMask = 2147483647;
			files = (
			);
			runOnlyForDeploymentPostprocessing = 0;
		};
		68385B821E52F71D006FFBE1 /* Resources */ = {
			isa = PBXResourcesBuildPhase;
			buildActionMask = 2147483647;
			files = (
			);
			runOnlyForDeploymentPostprocessing = 0;
		};
/* End PBXResourcesBuildPhase section */

/* Begin PBXSourcesBuildPhase section */
		68385B5C1E52F71D006FFBE1 /* Sources */ = {
			isa = PBXSourcesBuildPhase;
			buildActionMask = 2147483647;
			files = (
				68385B6B1E52F71D006FFBE1 /* ViewController.m in Sources */,
				68385B681E52F71D006FFBE1 /* AppDelegate.m in Sources */,
				68385B651E52F71D006FFBE1 /* main.m in Sources */,
				68385B981E52F7DD006FFBE1 /* WaveView.m in Sources */,
			);
			runOnlyForDeploymentPostprocessing = 0;
		};
		68385B751E52F71D006FFBE1 /* Sources */ = {
			isa = PBXSourcesBuildPhase;
			buildActionMask = 2147483647;
			files = (
				68385B7E1E52F71D006FFBE1 /* WavesViewTests.m in Sources */,
			);
			runOnlyForDeploymentPostprocessing = 0;
		};
		68385B801E52F71D006FFBE1 /* Sources */ = {
			isa = PBXSourcesBuildPhase;
			buildActionMask = 2147483647;
			files = (
				68385B891E52F71D006FFBE1 /* WavesViewUITests.m in Sources */,
			);
			runOnlyForDeploymentPostprocessing = 0;
		};
/* End PBXSourcesBuildPhase section */

/* Begin PBXTargetDependency section */
		68385B7B1E52F71D006FFBE1 /* PBXTargetDependency */ = {
			isa = PBXTargetDependency;
			target = 68385B5F1E52F71D006FFBE1 /* WavesView */;
			targetProxy = 68385B7A1E52F71D006FFBE1 /* PBXContainerItemProxy */;
		};
		68385B861E52F71D006FFBE1 /* PBXTargetDependency */ = {
			isa = PBXTargetDependency;
			target = 68385B5F1E52F71D006FFBE1 /* WavesView */;
			targetProxy = 68385B851E52F71D006FFBE1 /* PBXContainerItemProxy */;
		};
/* End PBXTargetDependency section */

/* Begin PBXVariantGroup section */
		68385B6C1E52F71D006FFBE1 /* Main.storyboard */ = {
			isa = PBXVariantGroup;
			children = (
				68385B6D1E52F71D006FFBE1 /* Base */,
			);
			name = Main.storyboard;
			sourceTree = "<group>";
		};
		68385B711E52F71D006FFBE1 /* LaunchScreen.storyboard */ = {
			isa = PBXVariantGroup;
			children = (
				68385B721E52F71D006FFBE1 /* Base */,
			);
			name = LaunchScreen.storyboard;
			sourceTree = "<group>";
		};
/* End PBXVariantGroup section */

/* Begin XCBuildConfiguration section */
		68385B8B1E52F71D006FFBE1 /* Debug */ = {
			isa = XCBuildConfiguration;
			buildSettings = {
				ALWAYS_SEARCH_USER_PATHS = NO;
				CLANG_ANALYZER_NONNULL = YES;
				CLANG_CXX_LANGUAGE_STANDARD = "gnu++0x";
				CLANG_CXX_LIBRARY = "libc++";
				CLANG_ENABLE_MODULES = YES;
				CLANG_ENABLE_OBJC_ARC = YES;
				CLANG_WARN_BOOL_CONVERSION = YES;
				CLANG_WARN_CONSTANT_CONVERSION = YES;
				CLANG_WARN_DIRECT_OBJC_ISA_USAGE = YES_ERROR;
				CLANG_WARN_DOCUMENTATION_COMMENTS = YES;
				CLANG_WARN_EMPTY_BODY = YES;
				CLANG_WARN_ENUM_CONVERSION = YES;
				CLANG_WARN_INFINITE_RECURSION = YES;
				CLANG_WARN_INT_CONVERSION = YES;
				CLANG_WARN_OBJC_ROOT_CLASS = YES_ERROR;
				CLANG_WARN_SUSPICIOUS_MOVE = YES;
				CLANG_WARN_UNREACHABLE_CODE = YES;
				CLANG_WARN__DUPLICATE_METHOD_MATCH = YES;
				"CODE_SIGN_IDENTITY[sdk=iphoneos*]" = "iPhone Developer";
				COPY_PHASE_STRIP = NO;
				DEBUG_INFORMATION_FORMAT = dwarf;
				ENABLE_STRICT_OBJC_MSGSEND = YES;
				ENABLE_TESTABILITY = YES;
				GCC_C_LANGUAGE_STANDARD = gnu99;
				GCC_DYNAMIC_NO_PIC = NO;
				GCC_NO_COMMON_BLOCKS = YES;
				GCC_OPTIMIZATION_LEVEL = 0;
				GCC_PREPROCESSOR_DEFINITIONS = (
					"DEBUG=1",
					"$(inherited)",
				);
				GCC_WARN_64_TO_32_BIT_CONVERSION = YES;
				GCC_WARN_ABOUT_RETURN_TYPE = YES_ERROR;
				GCC_WARN_UNDECLARED_SELECTOR = YES;
				GCC_WARN_UNINITIALIZED_AUTOS = YES_AGGRESSIVE;
				GCC_WARN_UNUSED_FUNCTION = YES;
				GCC_WARN_UNUSED_VARIABLE = YES;
				IPHONEOS_DEPLOYMENT_TARGET = 10.2;
				MTL_ENABLE_DEBUG_INFO = YES;
				ONLY_ACTIVE_ARCH = YES;
				SDKROOT = iphoneos;
			};
			name = Debug;
		};
		68385B8C1E52F71D006FFBE1 /* Release */ = {
			isa = XCBuildConfiguration;
			buildSettings = {
				ALWAYS_SEARCH_USER_PATHS = NO;
				CLANG_ANALYZER_NONNULL = YES;
				CLANG_CXX_LANGUAGE_STANDARD = "gnu++0x";
				CLANG_CXX_LIBRARY = "libc++";
				CLANG_ENABLE_MODULES = YES;
				CLANG_ENABLE_OBJC_ARC = YES;
				CLANG_WARN_BOOL_CONVERSION = YES;
				CLANG_WARN_CONSTANT_CONVERSION = YES;
				CLANG_WARN_DIRECT_OBJC_ISA_USAGE = YES_ERROR;
				CLANG_WARN_DOCUMENTATION_COMMENTS = YES;
				CLANG_WARN_EMPTY_BODY = YES;
				CLANG_WARN_ENUM_CONVERSION = YES;
				CLANG_WARN_INFINITE_RECURSION = YES;
				CLANG_WARN_INT_CONVERSION = YES;
				CLANG_WARN_OBJC_ROOT_CLASS = YES_ERROR;
				CLANG_WARN_SUSPICIOUS_MOVE = YES;
				CLANG_WARN_UNREACHABLE_CODE = YES;
				CLANG_WARN__DUPLICATE_METHOD_MATCH = YES;
				"CODE_SIGN_IDENTITY[sdk=iphoneos*]" = "iPhone Developer";
				COPY_PHASE_STRIP = NO;
				DEBUG_INFORMATION_FORMAT = "dwarf-with-dsym";
				ENABLE_NS_ASSERTIONS = NO;
				ENABLE_STRICT_OBJC_MSGSEND = YES;
				GCC_C_LANGUAGE_STANDARD = gnu99;
				GCC_NO_COMMON_BLOCKS = YES;
				GCC_WARN_64_TO_32_BIT_CONVERSION = YES;
				GCC_WARN_ABOUT_RETURN_TYPE = YES_ERROR;
				GCC_WARN_UNDECLARED_SELECTOR = YES;
				GCC_WARN_UNINITIALIZED_AUTOS = YES_AGGRESSIVE;
				GCC_WARN_UNUSED_FUNCTION = YES;
				GCC_WARN_UNUSED_VARIABLE = YES;
				IPHONEOS_DEPLOYMENT_TARGET = 10.2;
				MTL_ENABLE_DEBUG_INFO = NO;
				SDKROOT = iphoneos;
				VALIDATE_PRODUCT = YES;
			};
			name = Release;
		};
		68385B8E1E52F71D006FFBE1 /* Debug */ = {
			isa = XCBuildConfiguration;
			buildSettings = {
				ASSETCATALOG_COMPILER_APPICON_NAME = AppIcon;
				DEVELOPMENT_TEAM = Y4FK8UXDXW;
				INFOPLIST_FILE = WavesView/Info.plist;
				LD_RUNPATH_SEARCH_PATHS = "$(inherited) @executable_path/Frameworks";
				PRODUCT_BUNDLE_IDENTIFIER = com.willing.WavesView;
				PRODUCT_NAME = "$(TARGET_NAME)";
				PROVISIONING_PROFILE = "b37cda96-8f5e-4e66-b454-438b5140edb4";
				PROVISIONING_PROFILE_SPECIFIER = PPForAll;
			};
			name = Debug;
		};
		68385B8F1E52F71D006FFBE1 /* Release */ = {
			isa = XCBuildConfiguration;
			buildSettings = {
				ASSETCATALOG_COMPILER_APPICON_NAME = AppIcon;
				DEVELOPMENT_TEAM = Y4FK8UXDXW;
				INFOPLIST_FILE = WavesView/Info.plist;
				LD_RUNPATH_SEARCH_PATHS = "$(inherited) @executable_path/Frameworks";
				PRODUCT_BUNDLE_IDENTIFIER = com.willing.WavesView;
				PRODUCT_NAME = "$(TARGET_NAME)";
				PROVISIONING_PROFILE = "b37cda96-8f5e-4e66-b454-438b5140edb4";
				PROVISIONING_PROFILE_SPECIFIER = PPForAll;
			};
			name = Release;
		};
		68385B911E52F71D006FFBE1 /* Debug */ = {
			isa = XCBuildConfiguration;
			buildSettings = {
				BUNDLE_LOADER = "$(TEST_HOST)";
				INFOPLIST_FILE = WavesViewTests/Info.plist;
				LD_RUNPATH_SEARCH_PATHS = "$(inherited) @executable_path/Frameworks @loader_path/Frameworks";
				PRODUCT_BUNDLE_IDENTIFIER = com.willing.WavesViewTests;
				PRODUCT_NAME = "$(TARGET_NAME)";
				TEST_HOST = "$(BUILT_PRODUCTS_DIR)/WavesView.app/WavesView";
			};
			name = Debug;
		};
		68385B921E52F71D006FFBE1 /* Release */ = {
			isa = XCBuildConfiguration;
			buildSettings = {
				BUNDLE_LOADER = "$(TEST_HOST)";
				INFOPLIST_FILE = WavesViewTests/Info.plist;
				LD_RUNPATH_SEARCH_PATHS = "$(inherited) @executable_path/Frameworks @loader_path/Frameworks";
				PRODUCT_BUNDLE_IDENTIFIER = com.willing.WavesViewTests;
				PRODUCT_NAME = "$(TARGET_NAME)";
				TEST_HOST = "$(BUILT_PRODUCTS_DIR)/WavesView.app/WavesView";
			};
			name = Release;
		};
		68385B941E52F71D006FFBE1 /* Debug */ = {
			isa = XCBuildConfiguration;
			buildSettings = {
				INFOPLIST_FILE = WavesViewUITests/Info.plist;
				LD_RUNPATH_SEARCH_PATHS = "$(inherited) @executable_path/Frameworks @loader_path/Frameworks";
				PRODUCT_BUNDLE_IDENTIFIER = com.willing.WavesViewUITests;
				PRODUCT_NAME = "$(TARGET_NAME)";
				TEST_TARGET_NAME = WavesView;
			};
			name = Debug;
		};
		68385B951E52F71D006FFBE1 /* Release */ = {
			isa = XCBuildConfiguration;
			buildSettings = {
				INFOPLIST_FILE = WavesViewUITests/Info.plist;
				LD_RUNPATH_SEARCH_PATHS = "$(inherited) @executable_path/Frameworks @loader_path/Frameworks";
				PRODUCT_BUNDLE_IDENTIFIER = com.willing.WavesViewUITests;
				PRODUCT_NAME = "$(TARGET_NAME)";
				TEST_TARGET_NAME = WavesView;
			};
			name = Release;
		};
/* End XCBuildConfiguration section */

/* Begin XCConfigurationList section */
		68385B5B1E52F71D006FFBE1 /* Build configuration list for PBXProject "WavesView" */ = {
			isa = XCConfigurationList;
			buildConfigurations = (
				68385B8B1E52F71D006FFBE1 /* Debug */,
				68385B8C1E52F71D006FFBE1 /* Release */,
			);
			defaultConfigurationIsVisible = 0;
			defaultConfigurationName = Release;
		};
		68385B8D1E52F71D006FFBE1 /* Build configuration list for PBXNativeTarget "WavesView" */ = {
			isa = XCConfigurationList;
			buildConfigurations = (
				68385B8E1E52F71D006FFBE1 /* Debug */,
				68385B8F1E52F71D006FFBE1 /* Release */,
			);
			defaultConfigurationIsVisible = 0;
		};
		68385B901E52F71D006FFBE1 /* Build configuration list for PBXNativeTarget "WavesViewTests" */ = {
			isa = XCConfigurationList;
			buildConfigurations = (
				68385B911E52F71D006FFBE1 /* Debug */,
				68385B921E52F71D006FFBE1 /* Release */,
			);
			defaultConfigurationIsVisible = 0;
		};
		68385B931E52F71D006FFBE1 /* Build configuration list for PBXNativeTarget "WavesViewUITests" */ = {
			isa = XCConfigurationList;
			buildConfigurations = (
				68385B941E52F71D006FFBE1 /* Debug */,
				68385B951E52F71D006FFBE1 /* Release */,
			);
			defaultConfigurationIsVisible = 0;
		};
/* End XCConfigurationList section */
	};
	rootObject = 68385B581E52F71D006FFBE1 /* Project object */;
}
